
Microsoft Visual Studio Solution File, Format Version 12.00
# Visual Studio Version 17
VisualStudioVersion = 17.1.32210.238
MinimumVisualStudioVersion = 10.0.40219.1
Project("{2150E333-8FDC-42A3-9474-1A3956D46DE8}") = "src", "src", "{4DDC692B-BA45-4B18-A4D6-C1E687991FF3}"
EndProject
Project("{9A19103F-16F7-4668-BE54-9A1E7A4F7556}") = "Jhipster", "src\Jhipster\Jhipster.csproj", "{9FECE61E-1885-42B5-9CC7-4FD1E0CFEE8D}"
EndProject
Project("{9A19103F-16F7-4668-BE54-9A1E7A4F7556}") = "Jhipster.Crosscutting", "src\Jhipster.Crosscutting\Jhipster.Crosscutting.csproj", "{37F15DDB-9A1F-4E07-9C4B-4649A5E3842A}"
EndProject
Project("{9A19103F-16F7-4668-BE54-9A1E7A4F7556}") = "Jhipster.Domain", "src\Jhipster.Domain\Jhipster.Domain.csproj", "{BF5D2C4C-543A-498E-9FD2-3F384DF2C42F}"
EndProject
Project("{9A19103F-16F7-4668-BE54-9A1E7A4F7556}") = "Jhipster.Dto", "src\Jhipster.Dto\Jhipster.Dto.csproj", "{946EA956-67CB-4B59-82E8-957578101E63}"
EndProject
Project("{9A19103F-16F7-4668-BE54-9A1E7A4F7556}") = "Jhipster.Domain.Services", "src\Jhipster.Domain.Services\Jhipster.Domain.Services.csproj", "{EF4F58D9-DC67-421F-AC87-FC6F1D3FED21}"
EndProject
Project("{2150E333-8FDC-42A3-9474-1A3956D46DE8}") = "Modular", "Modular", "{C67353D3-9679-4C11-9D34-32A30BA2CCB7}"
EndProject
Project("{9A19103F-16F7-4668-BE54-9A1E7A4F7556}") = "Jhipster.gRPC.Contracts.Shared", "src\Jhipster.gRPC.Contracts.Shared\Jhipster.gRPC.Contracts.Shared.csproj", "{14B9FBE9-58D0-445B-85CD-B8ED9ABD8609}"
EndProject
Project("{2150E333-8FDC-42A3-9474-1A3956D46DE8}") = "PermissionManagement", "PermissionManagement", "{6BB3608A-13BA-4BF9-9159-AB6B38170069}"
EndProject
Project("{9A19103F-16F7-4668-BE54-9A1E7A4F7556}") = "Module.Permission.Core", "src\Jhipster.Module\PermissionManagement\Module.Permission.Core\Module.Permission.Core.csproj", "{5CD5C88B-1B9B-4230-B483-A42BB3EC6CE1}"
EndProject
Project("{9A19103F-16F7-4668-BE54-9A1E7A4F7556}") = "Module.Permission.Core.Shared", "src\Jhipster.Module\PermissionManagement\Module.Permission.Core.Shared\Module.Permission.Core.Shared.csproj", "{6FC75B26-02EA-4619-8B44-B1502A7FA98D}"
EndProject
Project("{9A19103F-16F7-4668-BE54-9A1E7A4F7556}") = "Module.Permission.Infrastructure", "src\Jhipster.Module\PermissionManagement\Module.Permission.Infrastructure\Module.Permission.Infrastructure.csproj", "{52D88192-C74C-4032-B066-278796105130}"
EndProject
Project("{9A19103F-16F7-4668-BE54-9A1E7A4F7556}") = "Module.Permission.Application", "src\Jhipster.Module\PermissionManagement\Module.Permission.Application\Module.Permission.Application.csproj", "{039DC3E7-008F-4E5D-B9F3-2B3287675A53}"
EndProject
Project("{9A19103F-16F7-4668-BE54-9A1E7A4F7556}") = "Module.Permission", "src\Jhipster.Module\PermissionManagement\Module.Permission\Module.Permission.csproj", "{A268523C-71D3-44F7-BEAA-6886D7185FB4}"
EndProject
Project("{9A19103F-16F7-4668-BE54-9A1E7A4F7556}") = "Module.Permission.gRPC", "src\Jhipster.Module\PermissionManagement\Module.Permission.gRPC\Module.Permission.gRPC.csproj", "{C143E8C8-6AE9-434A-BEAC-EF9EB5D60685}"
EndProject
Project("{2150E333-8FDC-42A3-9474-1A3956D46DE8}") = "Redis", "Redis", "{596587D6-0D0B-4CA0-BA59-189E3EA2699E}"
EndProject
Project("{9A19103F-16F7-4668-BE54-9A1E7A4F7556}") = "Module.Redis", "src\Jhipster.Module\Redis\Module.Redis\Module.Redis.csproj", "{53CE42B1-81B8-416B-A7B3-B2EF2C3F9C9B}"
EndProject
Project("{9A19103F-16F7-4668-BE54-9A1E7A4F7556}") = "Module.Redis.Library", "src\Jhipster.Module\Redis\Module.Redis.Library\Module.Redis.Library.csproj", "{DD10F5AB-DC4B-46A5-BFC8-D6F38CE9A73B}"
EndProject
Project("{2150E333-8FDC-42A3-9474-1A3956D46DE8}") = "CatalogManagement", "CatalogManagement", "{CB583E9B-48FB-4539-8373-F415437C4052}"
EndProject
Project("{9A19103F-16F7-4668-BE54-9A1E7A4F7556}") = "Module.Catalog", "src\Jhipster.Module\CatalogManagement\Module.Catalog\Module.Catalog.csproj", "{344CD4F8-85CE-41D7-8432-20209C3C2888}"
EndProject
Project("{9A19103F-16F7-4668-BE54-9A1E7A4F7556}") = "Module.Catalog.Application", "src\Jhipster.Module\CatalogManagement\Module.Catalog.Application\Module.Catalog.Application.csproj", "{50C95861-BD17-4643-962B-5DABED93E165}"
EndProject
Project("{9A19103F-16F7-4668-BE54-9A1E7A4F7556}") = "Module.Catalog.Domain", "src\Jhipster.Module\CatalogManagement\Module.Catalog.Domain\Module.Catalog.Domain.csproj", "{E96FA2A6-562D-4FA7-B793-236ED707936B}"
EndProject
Project("{9A19103F-16F7-4668-BE54-9A1E7A4F7556}") = "Module.Catalog.Infrastructure", "src\Jhipster.Module\CatalogManagement\Module.Catalog.Infrastructure\Module.Catalog.Infrastructure.csproj", "{434E4A7A-C12E-4FEF-A56E-B2C1D04F8F97}"
EndProject
Project("{9A19103F-16F7-4668-BE54-9A1E7A4F7556}") = "Module.Catalog.Shared", "src\Jhipster.Module\CatalogManagement\Module.Catalog.Shared\Module.Catalog.Shared.csproj", "{75D73429-3E29-46C8-985B-613CCA5415BB}"
EndProject
Project("{2150E333-8FDC-42A3-9474-1A3956D46DE8}") = "Gateways", "Gateways", "{7AD37E72-9BFE-4D47-AF8B-3DA68A7F210D}"
EndProject
Project("{2150E333-8FDC-42A3-9474-1A3956D46DE8}") = "BFF.Web", "BFF.Web", "{BF26422C-C026-47DC-A9FE-58C6B2CB1EDC}"
EndProject
Project("{9A19103F-16F7-4668-BE54-9A1E7A4F7556}") = "BFF.Web", "src\Jhipster.BFF\BFF.Web\BFF.Web.csproj", "{CC0C621F-35AE-44E4-8AFD-49F6A8998EA4}"
EndProject
Project("{2150E333-8FDC-42A3-9474-1A3956D46DE8}") = "OrderingManagement", "OrderingManagement", "{63884FE5-0427-4F97-AE6B-005F4E7D3498}"
EndProject
Project("{9A19103F-16F7-4668-BE54-9A1E7A4F7556}") = "Module.Ordering", "src\Jhipster.Module\OrderingManagement\Module.Ordering\Module.Ordering.csproj", "{532C152B-CE6A-4717-BE06-5D33C507D3A8}"
EndProject
Project("{9A19103F-16F7-4668-BE54-9A1E7A4F7556}") = "Module.Ordering.Application", "src\Jhipster.Module\OrderingManagement\Module.Ordering.Application\Module.Ordering.Application.csproj", "{B315CB96-9F31-461E-B772-B243B0FF8D59}"
EndProject
Project("{9A19103F-16F7-4668-BE54-9A1E7A4F7556}") = "Module.Ordering.Domain", "src\Jhipster.Module\OrderingManagement\Module.Ordering.Domain\Module.Ordering.Domain.csproj", "{B0C5FDC8-EB37-43A7-BE00-0FDADB853120}"
EndProject
Project("{9A19103F-16F7-4668-BE54-9A1E7A4F7556}") = "Module.Ordering.Infrastructure", "src\Jhipster.Module\OrderingManagement\Module.Ordering.Infrastructure\Module.Ordering.Infrastructure.csproj", "{2B463C2C-F386-41E5-874D-69A0FFEABDCC}"
EndProject
Project("{9A19103F-16F7-4668-BE54-9A1E7A4F7556}") = "Module.Ordering.Shared", "src\Jhipster.Module\OrderingManagement\Module.Ordering.Shared\Module.Ordering.Shared.csproj", "{1C2EB4E1-42AE-4A8A-A4FD-4223642EEB03}"
EndProject
Project("{9A19103F-16F7-4668-BE54-9A1E7A4F7556}") = "Jhipster.Infrastructure", "src\Jhipster.Infrastructure\Jhipster.Infrastructure.csproj", "{1605B4B9-F276-40B1-AFE9-4BDD40894846}"
EndProject
Project("{2150E333-8FDC-42A3-9474-1A3956D46DE8}") = "FactorManagement", "FactorManagement", "{3BA2236D-4E13-438A-B48F-176B7788E211}"
EndProject
Project("{9A19103F-16F7-4668-BE54-9A1E7A4F7556}") = "Module.Factor", "src\Jhipster.Module\FactorManagement\Module.Factor\Module.Factor.csproj", "{33EE5FD4-2A0F-4E1F-9842-011A46695D15}"
EndProject
Project("{9A19103F-16F7-4668-BE54-9A1E7A4F7556}") = "Module.Factor.Application", "src\Jhipster.Module\FactorManagement\Module.Factor.Application\Module.Factor.Application.csproj", "{49C24EE9-240A-4EB5-A1F4-A5CCD0EA0471}"
EndProject
Project("{9A19103F-16F7-4668-BE54-9A1E7A4F7556}") = "Module.Factor.Domain", "src\Jhipster.Module\FactorManagement\Module.Factor.Domain\Module.Factor.Domain.csproj", "{8AF0703F-F1FB-4085-9793-4C8E1BC11F5D}"
EndProject
Project("{9A19103F-16F7-4668-BE54-9A1E7A4F7556}") = "Module.Factor.Infrastructure", "src\Jhipster.Module\FactorManagement\Module.Factor.Infrastructure\Module.Factor.Infrastructure.csproj", "{E60F2ED0-2EDD-4389-B530-DB8129F34666}"
EndProject
Project("{9A19103F-16F7-4668-BE54-9A1E7A4F7556}") = "Module.Factor.Shared", "src\Jhipster.Module\FactorManagement\Module.Factor.Shared\Module.Factor.Shared.csproj", "{83868ABE-36AA-4CD4-BEB6-160379C171B5}"
EndProject
Project("{2150E333-8FDC-42A3-9474-1A3956D46DE8}") = "delivery.svc", "delivery.svc", "{BBE8A6C6-80B4-4E77-ADB1-C18FD765A2F5}"
EndProject
Project("{2150E333-8FDC-42A3-9474-1A3956D46DE8}") = "Email", "Email", "{35EF31AA-2861-4AEE-97F7-C89FBC523160}"
EndProject
Project("{FAE04EC0-301F-11D3-BF4B-00C04F79EFBC}") = "Module.Email", "Module.Email\Module.Email.csproj", "{B8E0798B-01A1-48CB-B248-E4C6B981D7D3}"
EndProject
Project("{FAE04EC0-301F-11D3-BF4B-00C04F79EFBC}") = "Module.Email.Application", "Module.Emai.Application\Module.Email.Application.csproj", "{52ED7BA3-D045-4DB8-AC05-87E6DB5E385A}"
EndProject
Project("{FAE04EC0-301F-11D3-BF4B-00C04F79EFBC}") = "Module.Email.Domain", "Module.Email.Domain\Module.Email.Domain.csproj", "{A9FB4EF2-7B20-4872-A6F6-FE83CF27E937}"
EndProject
Project("{FAE04EC0-301F-11D3-BF4B-00C04F79EFBC}") = "Module.Email.Infrastructure", "Module.Email.Infrastructure\Module.Email.Infrastructure.csproj", "{0405ABA1-CB64-4ECB-B4FD-B3FCE0AC38E3}"
EndProject
Global
	GlobalSection(SolutionConfigurationPlatforms) = preSolution
		Debug|Any CPU = Debug|Any CPU
		Release|Any CPU = Release|Any CPU
	EndGlobalSection
	GlobalSection(ProjectConfigurationPlatforms) = postSolution
		{9FECE61E-1885-42B5-9CC7-4FD1E0CFEE8D}.Debug|Any CPU.ActiveCfg = Debug|Any CPU
		{9FECE61E-1885-42B5-9CC7-4FD1E0CFEE8D}.Debug|Any CPU.Build.0 = Debug|Any CPU
		{9FECE61E-1885-42B5-9CC7-4FD1E0CFEE8D}.Release|Any CPU.ActiveCfg = Release|Any CPU
		{9FECE61E-1885-42B5-9CC7-4FD1E0CFEE8D}.Release|Any CPU.Build.0 = Release|Any CPU
		{37F15DDB-9A1F-4E07-9C4B-4649A5E3842A}.Debug|Any CPU.ActiveCfg = Debug|Any CPU
		{37F15DDB-9A1F-4E07-9C4B-4649A5E3842A}.Debug|Any CPU.Build.0 = Debug|Any CPU
		{37F15DDB-9A1F-4E07-9C4B-4649A5E3842A}.Release|Any CPU.ActiveCfg = Release|Any CPU
		{37F15DDB-9A1F-4E07-9C4B-4649A5E3842A}.Release|Any CPU.Build.0 = Release|Any CPU
		{BF5D2C4C-543A-498E-9FD2-3F384DF2C42F}.Debug|Any CPU.ActiveCfg = Debug|Any CPU
		{BF5D2C4C-543A-498E-9FD2-3F384DF2C42F}.Debug|Any CPU.Build.0 = Debug|Any CPU
		{BF5D2C4C-543A-498E-9FD2-3F384DF2C42F}.Release|Any CPU.ActiveCfg = Release|Any CPU
		{BF5D2C4C-543A-498E-9FD2-3F384DF2C42F}.Release|Any CPU.Build.0 = Release|Any CPU
		{946EA956-67CB-4B59-82E8-957578101E63}.Debug|Any CPU.ActiveCfg = Debug|Any CPU
		{946EA956-67CB-4B59-82E8-957578101E63}.Debug|Any CPU.Build.0 = Debug|Any CPU
		{946EA956-67CB-4B59-82E8-957578101E63}.Release|Any CPU.ActiveCfg = Release|Any CPU
		{946EA956-67CB-4B59-82E8-957578101E63}.Release|Any CPU.Build.0 = Release|Any CPU
		{EF4F58D9-DC67-421F-AC87-FC6F1D3FED21}.Debug|Any CPU.ActiveCfg = Debug|Any CPU
		{EF4F58D9-DC67-421F-AC87-FC6F1D3FED21}.Debug|Any CPU.Build.0 = Debug|Any CPU
		{EF4F58D9-DC67-421F-AC87-FC6F1D3FED21}.Release|Any CPU.ActiveCfg = Release|Any CPU
		{EF4F58D9-DC67-421F-AC87-FC6F1D3FED21}.Release|Any CPU.Build.0 = Release|Any CPU
		{14B9FBE9-58D0-445B-85CD-B8ED9ABD8609}.Debug|Any CPU.ActiveCfg = Debug|Any CPU
		{14B9FBE9-58D0-445B-85CD-B8ED9ABD8609}.Debug|Any CPU.Build.0 = Debug|Any CPU
		{14B9FBE9-58D0-445B-85CD-B8ED9ABD8609}.Release|Any CPU.ActiveCfg = Release|Any CPU
		{14B9FBE9-58D0-445B-85CD-B8ED9ABD8609}.Release|Any CPU.Build.0 = Release|Any CPU
		{5CD5C88B-1B9B-4230-B483-A42BB3EC6CE1}.Debug|Any CPU.ActiveCfg = Debug|Any CPU
		{5CD5C88B-1B9B-4230-B483-A42BB3EC6CE1}.Debug|Any CPU.Build.0 = Debug|Any CPU
		{5CD5C88B-1B9B-4230-B483-A42BB3EC6CE1}.Release|Any CPU.ActiveCfg = Release|Any CPU
		{5CD5C88B-1B9B-4230-B483-A42BB3EC6CE1}.Release|Any CPU.Build.0 = Release|Any CPU
		{6FC75B26-02EA-4619-8B44-B1502A7FA98D}.Debug|Any CPU.ActiveCfg = Debug|Any CPU
		{6FC75B26-02EA-4619-8B44-B1502A7FA98D}.Debug|Any CPU.Build.0 = Debug|Any CPU
		{6FC75B26-02EA-4619-8B44-B1502A7FA98D}.Release|Any CPU.ActiveCfg = Release|Any CPU
		{6FC75B26-02EA-4619-8B44-B1502A7FA98D}.Release|Any CPU.Build.0 = Release|Any CPU
		{52D88192-C74C-4032-B066-278796105130}.Debug|Any CPU.ActiveCfg = Debug|Any CPU
		{52D88192-C74C-4032-B066-278796105130}.Debug|Any CPU.Build.0 = Debug|Any CPU
		{52D88192-C74C-4032-B066-278796105130}.Release|Any CPU.ActiveCfg = Release|Any CPU
		{52D88192-C74C-4032-B066-278796105130}.Release|Any CPU.Build.0 = Release|Any CPU
		{039DC3E7-008F-4E5D-B9F3-2B3287675A53}.Debug|Any CPU.ActiveCfg = Debug|Any CPU
		{039DC3E7-008F-4E5D-B9F3-2B3287675A53}.Debug|Any CPU.Build.0 = Debug|Any CPU
		{039DC3E7-008F-4E5D-B9F3-2B3287675A53}.Release|Any CPU.ActiveCfg = Release|Any CPU
		{039DC3E7-008F-4E5D-B9F3-2B3287675A53}.Release|Any CPU.Build.0 = Release|Any CPU
		{A268523C-71D3-44F7-BEAA-6886D7185FB4}.Debug|Any CPU.ActiveCfg = Debug|Any CPU
		{A268523C-71D3-44F7-BEAA-6886D7185FB4}.Debug|Any CPU.Build.0 = Debug|Any CPU
		{A268523C-71D3-44F7-BEAA-6886D7185FB4}.Release|Any CPU.ActiveCfg = Release|Any CPU
		{A268523C-71D3-44F7-BEAA-6886D7185FB4}.Release|Any CPU.Build.0 = Release|Any CPU
		{C143E8C8-6AE9-434A-BEAC-EF9EB5D60685}.Debug|Any CPU.ActiveCfg = Debug|Any CPU
		{C143E8C8-6AE9-434A-BEAC-EF9EB5D60685}.Debug|Any CPU.Build.0 = Debug|Any CPU
		{C143E8C8-6AE9-434A-BEAC-EF9EB5D60685}.Release|Any CPU.ActiveCfg = Release|Any CPU
		{C143E8C8-6AE9-434A-BEAC-EF9EB5D60685}.Release|Any CPU.Build.0 = Release|Any CPU
		{53CE42B1-81B8-416B-A7B3-B2EF2C3F9C9B}.Debug|Any CPU.ActiveCfg = Debug|Any CPU
		{53CE42B1-81B8-416B-A7B3-B2EF2C3F9C9B}.Debug|Any CPU.Build.0 = Debug|Any CPU
		{53CE42B1-81B8-416B-A7B3-B2EF2C3F9C9B}.Release|Any CPU.ActiveCfg = Release|Any CPU
		{53CE42B1-81B8-416B-A7B3-B2EF2C3F9C9B}.Release|Any CPU.Build.0 = Release|Any CPU
		{DD10F5AB-DC4B-46A5-BFC8-D6F38CE9A73B}.Debug|Any CPU.ActiveCfg = Debug|Any CPU
		{DD10F5AB-DC4B-46A5-BFC8-D6F38CE9A73B}.Debug|Any CPU.Build.0 = Debug|Any CPU
		{DD10F5AB-DC4B-46A5-BFC8-D6F38CE9A73B}.Release|Any CPU.ActiveCfg = Release|Any CPU
		{DD10F5AB-DC4B-46A5-BFC8-D6F38CE9A73B}.Release|Any CPU.Build.0 = Release|Any CPU
		{344CD4F8-85CE-41D7-8432-20209C3C2888}.Debug|Any CPU.ActiveCfg = Debug|Any CPU
		{344CD4F8-85CE-41D7-8432-20209C3C2888}.Debug|Any CPU.Build.0 = Debug|Any CPU
		{344CD4F8-85CE-41D7-8432-20209C3C2888}.Release|Any CPU.ActiveCfg = Release|Any CPU
		{344CD4F8-85CE-41D7-8432-20209C3C2888}.Release|Any CPU.Build.0 = Release|Any CPU
		{50C95861-BD17-4643-962B-5DABED93E165}.Debug|Any CPU.ActiveCfg = Debug|Any CPU
		{50C95861-BD17-4643-962B-5DABED93E165}.Debug|Any CPU.Build.0 = Debug|Any CPU
		{50C95861-BD17-4643-962B-5DABED93E165}.Release|Any CPU.ActiveCfg = Release|Any CPU
		{50C95861-BD17-4643-962B-5DABED93E165}.Release|Any CPU.Build.0 = Release|Any CPU
		{E96FA2A6-562D-4FA7-B793-236ED707936B}.Debug|Any CPU.ActiveCfg = Debug|Any CPU
		{E96FA2A6-562D-4FA7-B793-236ED707936B}.Debug|Any CPU.Build.0 = Debug|Any CPU
		{E96FA2A6-562D-4FA7-B793-236ED707936B}.Release|Any CPU.ActiveCfg = Release|Any CPU
		{E96FA2A6-562D-4FA7-B793-236ED707936B}.Release|Any CPU.Build.0 = Release|Any CPU
		{434E4A7A-C12E-4FEF-A56E-B2C1D04F8F97}.Debug|Any CPU.ActiveCfg = Debug|Any CPU
		{434E4A7A-C12E-4FEF-A56E-B2C1D04F8F97}.Debug|Any CPU.Build.0 = Debug|Any CPU
		{434E4A7A-C12E-4FEF-A56E-B2C1D04F8F97}.Release|Any CPU.ActiveCfg = Release|Any CPU
		{434E4A7A-C12E-4FEF-A56E-B2C1D04F8F97}.Release|Any CPU.Build.0 = Release|Any CPU
		{75D73429-3E29-46C8-985B-613CCA5415BB}.Debug|Any CPU.ActiveCfg = Debug|Any CPU
		{75D73429-3E29-46C8-985B-613CCA5415BB}.Debug|Any CPU.Build.0 = Debug|Any CPU
		{75D73429-3E29-46C8-985B-613CCA5415BB}.Release|Any CPU.ActiveCfg = Release|Any CPU
		{75D73429-3E29-46C8-985B-613CCA5415BB}.Release|Any CPU.Build.0 = Release|Any CPU
		{CC0C621F-35AE-44E4-8AFD-49F6A8998EA4}.Debug|Any CPU.ActiveCfg = Debug|Any CPU
		{CC0C621F-35AE-44E4-8AFD-49F6A8998EA4}.Debug|Any CPU.Build.0 = Debug|Any CPU
		{CC0C621F-35AE-44E4-8AFD-49F6A8998EA4}.Release|Any CPU.ActiveCfg = Release|Any CPU
		{CC0C621F-35AE-44E4-8AFD-49F6A8998EA4}.Release|Any CPU.Build.0 = Release|Any CPU
		{532C152B-CE6A-4717-BE06-5D33C507D3A8}.Debug|Any CPU.ActiveCfg = Debug|Any CPU
		{532C152B-CE6A-4717-BE06-5D33C507D3A8}.Debug|Any CPU.Build.0 = Debug|Any CPU
		{532C152B-CE6A-4717-BE06-5D33C507D3A8}.Release|Any CPU.ActiveCfg = Release|Any CPU
		{532C152B-CE6A-4717-BE06-5D33C507D3A8}.Release|Any CPU.Build.0 = Release|Any CPU
		{B315CB96-9F31-461E-B772-B243B0FF8D59}.Debug|Any CPU.ActiveCfg = Debug|Any CPU
		{B315CB96-9F31-461E-B772-B243B0FF8D59}.Debug|Any CPU.Build.0 = Debug|Any CPU
		{B315CB96-9F31-461E-B772-B243B0FF8D59}.Release|Any CPU.ActiveCfg = Release|Any CPU
		{B315CB96-9F31-461E-B772-B243B0FF8D59}.Release|Any CPU.Build.0 = Release|Any CPU
		{B0C5FDC8-EB37-43A7-BE00-0FDADB853120}.Debug|Any CPU.ActiveCfg = Debug|Any CPU
		{B0C5FDC8-EB37-43A7-BE00-0FDADB853120}.Debug|Any CPU.Build.0 = Debug|Any CPU
		{B0C5FDC8-EB37-43A7-BE00-0FDADB853120}.Release|Any CPU.ActiveCfg = Release|Any CPU
		{B0C5FDC8-EB37-43A7-BE00-0FDADB853120}.Release|Any CPU.Build.0 = Release|Any CPU
		{2B463C2C-F386-41E5-874D-69A0FFEABDCC}.Debug|Any CPU.ActiveCfg = Debug|Any CPU
		{2B463C2C-F386-41E5-874D-69A0FFEABDCC}.Debug|Any CPU.Build.0 = Debug|Any CPU
		{2B463C2C-F386-41E5-874D-69A0FFEABDCC}.Release|Any CPU.ActiveCfg = Release|Any CPU
		{2B463C2C-F386-41E5-874D-69A0FFEABDCC}.Release|Any CPU.Build.0 = Release|Any CPU
		{1C2EB4E1-42AE-4A8A-A4FD-4223642EEB03}.Debug|Any CPU.ActiveCfg = Debug|Any CPU
		{1C2EB4E1-42AE-4A8A-A4FD-4223642EEB03}.Debug|Any CPU.Build.0 = Debug|Any CPU
		{1C2EB4E1-42AE-4A8A-A4FD-4223642EEB03}.Release|Any CPU.ActiveCfg = Release|Any CPU
		{1C2EB4E1-42AE-4A8A-A4FD-4223642EEB03}.Release|Any CPU.Build.0 = Release|Any CPU
		{1605B4B9-F276-40B1-AFE9-4BDD40894846}.Debug|Any CPU.ActiveCfg = Debug|Any CPU
		{1605B4B9-F276-40B1-AFE9-4BDD40894846}.Debug|Any CPU.Build.0 = Debug|Any CPU
		{1605B4B9-F276-40B1-AFE9-4BDD40894846}.Release|Any CPU.ActiveCfg = Release|Any CPU
		{1605B4B9-F276-40B1-AFE9-4BDD40894846}.Release|Any CPU.Build.0 = Release|Any CPU
		{33EE5FD4-2A0F-4E1F-9842-011A46695D15}.Debug|Any CPU.ActiveCfg = Debug|Any CPU
		{33EE5FD4-2A0F-4E1F-9842-011A46695D15}.Debug|Any CPU.Build.0 = Debug|Any CPU
		{33EE5FD4-2A0F-4E1F-9842-011A46695D15}.Release|Any CPU.ActiveCfg = Release|Any CPU
		{33EE5FD4-2A0F-4E1F-9842-011A46695D15}.Release|Any CPU.Build.0 = Release|Any CPU
		{49C24EE9-240A-4EB5-A1F4-A5CCD0EA0471}.Debug|Any CPU.ActiveCfg = Debug|Any CPU
		{49C24EE9-240A-4EB5-A1F4-A5CCD0EA0471}.Debug|Any CPU.Build.0 = Debug|Any CPU
		{49C24EE9-240A-4EB5-A1F4-A5CCD0EA0471}.Release|Any CPU.ActiveCfg = Release|Any CPU
		{49C24EE9-240A-4EB5-A1F4-A5CCD0EA0471}.Release|Any CPU.Build.0 = Release|Any CPU
		{8AF0703F-F1FB-4085-9793-4C8E1BC11F5D}.Debug|Any CPU.ActiveCfg = Debug|Any CPU
		{8AF0703F-F1FB-4085-9793-4C8E1BC11F5D}.Debug|Any CPU.Build.0 = Debug|Any CPU
		{8AF0703F-F1FB-4085-9793-4C8E1BC11F5D}.Release|Any CPU.ActiveCfg = Release|Any CPU
		{8AF0703F-F1FB-4085-9793-4C8E1BC11F5D}.Release|Any CPU.Build.0 = Release|Any CPU
		{E60F2ED0-2EDD-4389-B530-DB8129F34666}.Debug|Any CPU.ActiveCfg = Debug|Any CPU
		{E60F2ED0-2EDD-4389-B530-DB8129F34666}.Debug|Any CPU.Build.0 = Debug|Any CPU
		{E60F2ED0-2EDD-4389-B530-DB8129F34666}.Release|Any CPU.ActiveCfg = Release|Any CPU
		{E60F2ED0-2EDD-4389-B530-DB8129F34666}.Release|Any CPU.Build.0 = Release|Any CPU
		{83868ABE-36AA-4CD4-BEB6-160379C171B5}.Debug|Any CPU.ActiveCfg = Debug|Any CPU
		{83868ABE-36AA-4CD4-BEB6-160379C171B5}.Debug|Any CPU.Build.0 = Debug|Any CPU
		{83868ABE-36AA-4CD4-BEB6-160379C171B5}.Release|Any CPU.ActiveCfg = Release|Any CPU
		{83868ABE-36AA-4CD4-BEB6-160379C171B5}.Release|Any CPU.Build.0 = Release|Any CPU
		{B8E0798B-01A1-48CB-B248-E4C6B981D7D3}.Debug|Any CPU.ActiveCfg = Debug|Any CPU
		{B8E0798B-01A1-48CB-B248-E4C6B981D7D3}.Debug|Any CPU.Build.0 = Debug|Any CPU
		{B8E0798B-01A1-48CB-B248-E4C6B981D7D3}.Release|Any CPU.ActiveCfg = Release|Any CPU
		{B8E0798B-01A1-48CB-B248-E4C6B981D7D3}.Release|Any CPU.Build.0 = Release|Any CPU
		{52ED7BA3-D045-4DB8-AC05-87E6DB5E385A}.Debug|Any CPU.ActiveCfg = Debug|Any CPU
		{52ED7BA3-D045-4DB8-AC05-87E6DB5E385A}.Debug|Any CPU.Build.0 = Debug|Any CPU
		{52ED7BA3-D045-4DB8-AC05-87E6DB5E385A}.Release|Any CPU.ActiveCfg = Release|Any CPU
		{52ED7BA3-D045-4DB8-AC05-87E6DB5E385A}.Release|Any CPU.Build.0 = Release|Any CPU
		{A9FB4EF2-7B20-4872-A6F6-FE83CF27E937}.Debug|Any CPU.ActiveCfg = Debug|Any CPU
		{A9FB4EF2-7B20-4872-A6F6-FE83CF27E937}.Debug|Any CPU.Build.0 = Debug|Any CPU
		{A9FB4EF2-7B20-4872-A6F6-FE83CF27E937}.Release|Any CPU.ActiveCfg = Release|Any CPU
		{A9FB4EF2-7B20-4872-A6F6-FE83CF27E937}.Release|Any CPU.Build.0 = Release|Any CPU
		{0405ABA1-CB64-4ECB-B4FD-B3FCE0AC38E3}.Debug|Any CPU.ActiveCfg = Debug|Any CPU
		{0405ABA1-CB64-4ECB-B4FD-B3FCE0AC38E3}.Debug|Any CPU.Build.0 = Debug|Any CPU
		{0405ABA1-CB64-4ECB-B4FD-B3FCE0AC38E3}.Release|Any CPU.ActiveCfg = Release|Any CPU
		{0405ABA1-CB64-4ECB-B4FD-B3FCE0AC38E3}.Release|Any CPU.Build.0 = Release|Any CPU
	EndGlobalSection
	GlobalSection(SolutionProperties) = preSolution
		HideSolutionNode = FALSE
	EndGlobalSection
	GlobalSection(NestedProjects) = preSolution
		{9FECE61E-1885-42B5-9CC7-4FD1E0CFEE8D} = {4DDC692B-BA45-4B18-A4D6-C1E687991FF3}
		{37F15DDB-9A1F-4E07-9C4B-4649A5E3842A} = {4DDC692B-BA45-4B18-A4D6-C1E687991FF3}
		{BF5D2C4C-543A-498E-9FD2-3F384DF2C42F} = {4DDC692B-BA45-4B18-A4D6-C1E687991FF3}
		{946EA956-67CB-4B59-82E8-957578101E63} = {4DDC692B-BA45-4B18-A4D6-C1E687991FF3}
		{EF4F58D9-DC67-421F-AC87-FC6F1D3FED21} = {4DDC692B-BA45-4B18-A4D6-C1E687991FF3}
		{C67353D3-9679-4C11-9D34-32A30BA2CCB7} = {4DDC692B-BA45-4B18-A4D6-C1E687991FF3}
		{14B9FBE9-58D0-445B-85CD-B8ED9ABD8609} = {4DDC692B-BA45-4B18-A4D6-C1E687991FF3}
		{6BB3608A-13BA-4BF9-9159-AB6B38170069} = {C67353D3-9679-4C11-9D34-32A30BA2CCB7}
		{5CD5C88B-1B9B-4230-B483-A42BB3EC6CE1} = {6BB3608A-13BA-4BF9-9159-AB6B38170069}
		{6FC75B26-02EA-4619-8B44-B1502A7FA98D} = {6BB3608A-13BA-4BF9-9159-AB6B38170069}
		{52D88192-C74C-4032-B066-278796105130} = {6BB3608A-13BA-4BF9-9159-AB6B38170069}
		{039DC3E7-008F-4E5D-B9F3-2B3287675A53} = {6BB3608A-13BA-4BF9-9159-AB6B38170069}
		{A268523C-71D3-44F7-BEAA-6886D7185FB4} = {6BB3608A-13BA-4BF9-9159-AB6B38170069}
		{C143E8C8-6AE9-434A-BEAC-EF9EB5D60685} = {6BB3608A-13BA-4BF9-9159-AB6B38170069}
		{596587D6-0D0B-4CA0-BA59-189E3EA2699E} = {C67353D3-9679-4C11-9D34-32A30BA2CCB7}
		{53CE42B1-81B8-416B-A7B3-B2EF2C3F9C9B} = {596587D6-0D0B-4CA0-BA59-189E3EA2699E}
		{DD10F5AB-DC4B-46A5-BFC8-D6F38CE9A73B} = {596587D6-0D0B-4CA0-BA59-189E3EA2699E}
		{CB583E9B-48FB-4539-8373-F415437C4052} = {C67353D3-9679-4C11-9D34-32A30BA2CCB7}
		{344CD4F8-85CE-41D7-8432-20209C3C2888} = {CB583E9B-48FB-4539-8373-F415437C4052}
		{50C95861-BD17-4643-962B-5DABED93E165} = {CB583E9B-48FB-4539-8373-F415437C4052}
		{E96FA2A6-562D-4FA7-B793-236ED707936B} = {CB583E9B-48FB-4539-8373-F415437C4052}
		{434E4A7A-C12E-4FEF-A56E-B2C1D04F8F97} = {CB583E9B-48FB-4539-8373-F415437C4052}
		{75D73429-3E29-46C8-985B-613CCA5415BB} = {CB583E9B-48FB-4539-8373-F415437C4052}
		{7AD37E72-9BFE-4D47-AF8B-3DA68A7F210D} = {4DDC692B-BA45-4B18-A4D6-C1E687991FF3}
		{BF26422C-C026-47DC-A9FE-58C6B2CB1EDC} = {7AD37E72-9BFE-4D47-AF8B-3DA68A7F210D}
		{CC0C621F-35AE-44E4-8AFD-49F6A8998EA4} = {BF26422C-C026-47DC-A9FE-58C6B2CB1EDC}
		{63884FE5-0427-4F97-AE6B-005F4E7D3498} = {C67353D3-9679-4C11-9D34-32A30BA2CCB7}
		{532C152B-CE6A-4717-BE06-5D33C507D3A8} = {63884FE5-0427-4F97-AE6B-005F4E7D3498}
		{B315CB96-9F31-461E-B772-B243B0FF8D59} = {63884FE5-0427-4F97-AE6B-005F4E7D3498}
		{B0C5FDC8-EB37-43A7-BE00-0FDADB853120} = {63884FE5-0427-4F97-AE6B-005F4E7D3498}
		{2B463C2C-F386-41E5-874D-69A0FFEABDCC} = {63884FE5-0427-4F97-AE6B-005F4E7D3498}
		{1C2EB4E1-42AE-4A8A-A4FD-4223642EEB03} = {63884FE5-0427-4F97-AE6B-005F4E7D3498}
		{1605B4B9-F276-40B1-AFE9-4BDD40894846} = {4DDC692B-BA45-4B18-A4D6-C1E687991FF3}
		{3BA2236D-4E13-438A-B48F-176B7788E211} = {C67353D3-9679-4C11-9D34-32A30BA2CCB7}
		{33EE5FD4-2A0F-4E1F-9842-011A46695D15} = {3BA2236D-4E13-438A-B48F-176B7788E211}
		{49C24EE9-240A-4EB5-A1F4-A5CCD0EA0471} = {3BA2236D-4E13-438A-B48F-176B7788E211}
		{8AF0703F-F1FB-4085-9793-4C8E1BC11F5D} = {3BA2236D-4E13-438A-B48F-176B7788E211}
		{E60F2ED0-2EDD-4389-B530-DB8129F34666} = {3BA2236D-4E13-438A-B48F-176B7788E211}
		{83868ABE-36AA-4CD4-BEB6-160379C171B5} = {3BA2236D-4E13-438A-B48F-176B7788E211}
		{BBE8A6C6-80B4-4E77-ADB1-C18FD765A2F5} = {4DDC692B-BA45-4B18-A4D6-C1E687991FF3}
		{35EF31AA-2861-4AEE-97F7-C89FBC523160} = {C67353D3-9679-4C11-9D34-32A30BA2CCB7}
		{B8E0798B-01A1-48CB-B248-E4C6B981D7D3} = {35EF31AA-2861-4AEE-97F7-C89FBC523160}
		{52ED7BA3-D045-4DB8-AC05-87E6DB5E385A} = {35EF31AA-2861-4AEE-97F7-C89FBC523160}
		{A9FB4EF2-7B20-4872-A6F6-FE83CF27E937} = {35EF31AA-2861-4AEE-97F7-C89FBC523160}
		{0405ABA1-CB64-4ECB-B4FD-B3FCE0AC38E3} = {35EF31AA-2861-4AEE-97F7-C89FBC523160}
	EndGlobalSection
	GlobalSection(ExtensibilityGlobals) = postSolution
		SolutionGuid = {20379476-76C3-4BB4-A09B-CC43100537E5}
	EndGlobalSection
EndGlobal
